{
  "name": "jawalang",
  "version": "1.2.1",
  "lockfileVersion": 3,
  "requires": true,
  "packages": {
    "": {
      "name": "jawalang",
      "version": "1.2.1",
      "license": "MIT",
      "bin": {
        "jawa": "bin/jawa.js",
        "jawalang": "bin/jawa.js"
      },
      "engines": {
        "node": ">=16.0.0"
      }
    }
  }
}
